// !$*UTF8*$!
{
	archiveVersion = 1;
	classes = {
	};
	objectVersion = 46;
	objects = {

/* Begin PBXBuildFile section */
		041FE1931D48F0FE008D4129 /* main.m in Sources */ = {isa = PBXBuildFile; fileRef = 041FE1921D48F0FE008D4129 /* main.m */; };
		041FE1961D48F0FE008D4129 /* AppDelegate.m in Sources */ = {isa = PBXBuildFile; fileRef = 041FE1951D48F0FE008D4129 /* AppDelegate.m */; };
		041FE1991D48F0FF008D4129 /* ViewController.m in Sources */ = {isa = PBXBuildFile; fileRef = 041FE1981D48F0FF008D4129 /* ViewController.m */; };
		041FE19C1D48F0FF008D4129 /* Main.storyboard in Resources */ = {isa = PBXBuildFile; fileRef = 041FE19A1D48F0FF008D4129 /* Main.storyboard */; };
		041FE19E1D48F0FF008D4129 /* Assets.xcassets in Resources */ = {isa = PBXBuildFile; fileRef = 041FE19D1D48F0FF008D4129 /* Assets.xcassets */; };
		041FE1A11D48F0FF008D4129 /* LaunchScreen.storyboard in Resources */ = {isa = PBXBuildFile; fileRef = 041FE19F1D48F0FF008D4129 /* LaunchScreen.storyboard */; };
/* End PBXBuildFile section */

/* Begin PBXFileReference section */
		041FE18E1D48F0FE008D4129 /* ZYLinkageTableView.app */ = {isa = PBXFileReference; explicitFileType = wrapper.application; includeInIndex = 0; path = ZYLinkageTableView.app; sourceTree = BUILT_PRODUCTS_DIR; };
		041FE1921D48F0FE008D4129 /* main.m */ = {isa = PBXFileReference; lastKnownFileType = sourcecode.c.objc; path = main.m; sourceTree = "<group>"; };
		041FE1941D48F0FE008D4129 /* AppDelegate.h */ = {isa = PBXFileReference; lastKnownFileType = sourcecode.c.h; path = AppDelegate.h; sourceTree = "<group>"; };
		041FE1951D48F0FE008D4129 /* AppDelegate.m */ = {isa = PBXFileReference; lastKnownFileType = sourcecode.c.objc; path = AppDelegate.m; sourceTree = "<group>"; };
		041FE1971D48F0FE008D4129 /* ViewController.h */ = {isa = PBXFileReference; lastKnownFileType = sourcecode.c.h; path = ViewController.h; sourceTree = "<group>"; };
		041FE1981D48F0FF008D4129 /* ViewController.m */ = {isa = PBXFileReference; lastKnownFileType = sourcecode.c.objc; path = ViewController.m; sourceTree = "<group>"; };
		041FE19B1D48F0FF008D4129 /* Base */ = {isa = PBXFileReference; lastKnownFileType = file.storyboard; name = Base; path = Base.lproj/Main.storyboard; sourceTree = "<group>"; };
		041FE19D1D48F0FF008D4129 /* Assets.xcassets */ = {isa = PBXFileReference; lastKnownFileType = folder.assetcatalog; path = Assets.xcassets; sourceTree = "<group>"; };
		041FE1A01D48F0FF008D4129 /* Base */ = {isa = PBXFileReference; lastKnownFileType = file.storyboard; name = Base; path = Base.lproj/LaunchScreen.storyboard; sourceTree = "<group>"; };
		041FE1A21D48F0FF008D4129 /* Info.plist */ = {isa = PBXFileReference; lastKnownFileType = text.plist.xml; path = Info.plist; sourceTree = "<group>"; };
/* End PBXFileReference section */

/* Begin PBXFrameworksBuildPhase section */
		041FE18B1D48F0FE008D4129 /* Frameworks */ = {
			isa = PBXFrameworksBuildPhase;
			buildActionMask = 2147483647;
			files = (
			);
			runOnlyForDeploymentPostprocessing = 0;
		};
/* End PBXFrameworksBuildPhase section */

/* Begin PBXGroup section */
		041FE1851D48F0FE008D4129 = {
			isa = PBXGroup;
			children = (
				041FE1901D48F0FE008D4129 /* ZYLinkageTableView */,
				041FE18F1D48F0FE008D4129 /* Products */,
			);
			sourceTree = "<group>";
		};
		041FE18F1D48F0FE008D4129 /* Products */ = {
			isa = PBXGroup;
			children = (
				041FE18E1D48F0FE008D4129 /* ZYLinkageTableView.app */,
			);
			name = Products;
			sourceTree = "<group>";
		};
		041FE1901D48F0FE008D4129 /* ZYLinkageTableView */ = {
			isa = PBXGroup;
			children = (
				041FE1941D48F0FE008D4129 /* AppDelegate.h */,
				041FE1951D48F0FE008D4129 /* AppDelegate.m */,
				041FE1971D48F0FE008D4129 /* ViewController.h */,
				041FE1981D48F0FF008D4129 /* ViewController.m */,
				041FE19A1D48F0FF008D4129 /* Main.storyboard */,
				041FE19D1D48F0FF008D4129 /* Assets.xcassets */,
				041FE19F1D48F0FF008D4129 /* LaunchScreen.storyboard */,
				041FE1A21D48F0FF008D4129 /* Info.plist */,
				041FE1911D48F0FE008D4129 /* Supporting Files */,
			);
			path = ZYLinkageTableView;
			sourceTree = "<group>";
		};
		041FE1911D48F0FE008D4129 /* Supporting Files */ = {
			isa = PBXGroup;
			children = (
				041FE1921D48F0FE008D4129 /* main.m */,
			);
			name = "Supporting Files";
			sourceTree = "<group>";
		};
/* End PBXGroup section */

/* Begin PBXNativeTarget section */
		041FE18D1D48F0FE008D4129 /* ZYLinkageTableView */ = {
			isa = PBXNativeTarget;
			buildConfigurationList = 041FE1A51D48F0FF008D4129 /* Build configuration list for PBXNativeTarget "ZYLinkageTableView" */;
			buildPhases = (
				041FE18A1D48F0FE008D4129 /* Sources */,
				041FE18B1D48F0FE008D4129 /* Frameworks */,
				041FE18C1D48F0FE008D4129 /* Resources */,
			);
			buildRules = (
			);
			dependencies = (
			);
			name = ZYLinkageTableView;
			productName = ZYLinkageTableView;
			productReference = 041FE18E1D48F0FE008D4129 /* ZYLinkageTableView.app */;
			productType = "com.apple.product-type.application";
		};
/* End PBXNativeTarget section */

/* Begin PBXProject section */
		041FE1861D48F0FE008D4129 /* Project object */ = {
			isa = PBXProject;
			attributes = {
				LastUpgradeCheck = 0730;
				ORGANIZATIONNAME = mac;
				TargetAttributes = {
					041FE18D1D48F0FE008D4129 = {
						CreatedOnToolsVersion = 7.3.1;
						DevelopmentTeam = DFARS7X79T;
					};
				};
			};
			buildConfigurationList = 041FE1891D48F0FE008D4129 /* Build configuration list for PBXProject "ZYLinkageTableView" */;
			compatibilityVersion = "Xcode 3.2";
			developmentRegion = English;
			hasScannedForEncodings = 0;
			knownRegions = (
				en,
				Base,
			);
			mainGroup = 041FE1851D48F0FE008D4129;
			productRefGroup = 041FE18F1D48F0FE008D4129 /* Products */;
			projectDirPath = "";
			projectRoot = "";
			targets = (
				041FE18D1D48F0FE008D4129 /* ZYLinkageTableView */,
			);
		};
/* End PBXProject section */

/* Begin PBXResourcesBuildPhase section */
		041FE18C1D48F0FE008D4129 /* Resources */ = {
			isa = PBXResourcesBuildPhase;
			buildActionMask = 2147483647;
			files = (
				041FE1A11D48F0FF008D4129 /* LaunchScreen.storyboard in Resources */,
				041FE19E1D48F0FF008D4129 /* Assets.xcassets in Resources */,
				041FE19C1D48F0FF008D4129 /* Main.storyboard in Resources */,
			);
			runOnlyForDeploymentPostprocessing = 0;
		};
/* End PBXResourcesBuildPhase section */

/* Begin PBXSourcesBuildPhase section */
		041FE18A1D48F0FE008D4129 /* Sources */ = {
			isa = PBXSourcesBuildPhase;
			buildActionMask = 2147483647;
			files = (
				041FE1991D48F0FF008D4129 /* ViewController.m in Sources */,
				041FE1961D48F0FE008D4129 /* AppDelegate.m in Sources */,
				041FE1931D48F0FE008D4129 /* main.m in Sources */,
			);
			runOnlyForDeploymentPostprocessing = 0;
		};
/* End PBXSourcesBuildPhase section */

/* Begin PBXVariantGroup section */
		041FE19A1D48F0FF008D4129 /* Main.storyboard */ = {
			isa = PBXVariantGroup;
			children = (
				041FE19B1D48F0FF008D4129 /* Base */,
			);
			name = Main.storyboard;
			sourceTree = "<group>";
		};
		041FE19F1D48F0FF008D4129 /* LaunchScreen.storyboard */ = {
			isa = PBXVariantGroup;
			children = (
				041FE1A01D48F0FF008D4129 /* Base */,
			);
			name = LaunchScreen.storyboard;
			sourceTree = "<group>";
		};
/* End PBXVariantGroup section */

/* Begin XCBuildConfiguration section */
		041FE1A31D48F0FF008D4129 /* Debug */ = {
			isa = XCBuildConfiguration;
			buildSettings = {
				ALWAYS_SEARCH_USER_PATHS = NO;
				CLANG_ANALYZER_NONNULL = YES;
				CLANG_CXX_LANGUAGE_STANDARD = "gnu++0x";
				CLANG_CXX_LIBRARY = "libc++";
				CLANG_ENABLE_MODULES = YES;
				CLANG_ENABLE_OBJC_ARC = YES;
				CLANG_WARN_BOOL_CONVERSION = YES;
				CLANG_WARN_CONSTANT_CONVERSION = YES;
				CLANG_WARN_DIRECT_OBJC_ISA_USAGE = YES_ERROR;
				CLANG_WARN_EMPTY_BODY = YES;
				CLANG_WARN_ENUM_CONVERSION = YES;
				CLANG_WARN_INT_CONVERSION = YES;
				CLANG_WARN_OBJC_ROOT_CLASS = YES_ERROR;
				CLANG_WARN_UNREACHABLE_CODE = YES;
				CLANG_WARN__DUPLICATE_METHOD_MATCH = YES;
				"CODE_SIGN_IDENTITY[sdk=iphoneos*]" = "iPhone Developer";
				COPY_PHASE_STRIP = NO;
				DEBUG_INFORMATION_FORMAT = dwarf;
				ENABLE_STRICT_OBJC_MSGSEND = YES;
				ENABLE_TESTABILITY = YES;
				GCC_C_LANGUAGE_STANDARD = gnu99;
				GCC_DYNAMIC_NO_PIC = NO;
				GCC_NO_COMMON_BLOCKS = YES;
				GCC_OPTIMIZATION_LEVEL = 0;
				GCC_PREPROCESSOR_DEFINITIONS = (
					"DEBUG=1",
					"$(inherited)",
				);
				GCC_WARN_64_TO_32_BIT_CONVERSION = YES;
				GCC_WARN_ABOUT_RETURN_TYPE = YES_ERROR;
				GCC_WARN_UNDECLARED_SELECTOR = YES;
				GCC_WARN_UNINITIALIZED_AUTOS = YES_AGGRESSIVE;
				GCC_WARN_UNUSED_FUNCTION = YES;
				GCC_WARN_UNUSED_VARIABLE = YES;
				IPHONEOS_DEPLOYMENT_TARGET = 9.3;
				MTL_ENABLE_DEBUG_INFO = YES;
				ONLY_ACTIVE_ARCH = YES;
				SDKROOT = iphoneos;
				TARGETED_DEVICE_FAMILY = "1,2";
			};
			name = Debug;
		};
		041FE1A41D48F0FF008D4129 /* Release */ = {
			isa = XCBuildConfiguration;
			buildSettings = {
				ALWAYS_SEARCH_USER_PATHS = NO;
				CLANG_ANALYZER_NONNULL = YES;
				CLANG_CXX_LANGUAGE_STANDARD = "gnu++0x";
				CLANG_CXX_LIBRARY = "libc++";
				CLANG_ENABLE_MODULES = YES;
				CLANG_ENABLE_OBJC_ARC = YES;
				CLANG_WARN_BOOL_CONVERSION = YES;
				CLANG_WARN_CONSTANT_CONVERSION = YES;
				CLANG_WARN_DIRECT_OBJC_ISA_USAGE = YES_ERROR;
				CLANG_WARN_EMPTY_BODY = YES;
				CLANG_WARN_ENUM_CONVERSION = YES;
				CLANG_WARN_INT_CONVERSION = YES;
				CLANG_WARN_OBJC_ROOT_CLASS = YES_ERROR;
				CLANG_WARN_UNREACHABLE_CODE = YES;
				CLANG_WARN__DUPLICATE_METHOD_MATCH = YES;
				"CODE_SIGN_IDENTITY[sdk=iphoneos*]" = "iPhone Developer";
				COPY_PHASE_STRIP = NO;
				DEBUG_INFORMATION_FORMAT = "dwarf-with-dsym";
				ENABLE_NS_ASSERTIONS = NO;
				ENABLE_STRICT_OBJC_MSGSEND = YES;
				GCC_C_LANGUAGE_STANDARD = gnu99;
				GCC_NO_COMMON_BLOCKS = YES;
				GCC_WARN_64_TO_32_BIT_CONVERSION = YES;
				GCC_WARN_ABOUT_RETURN_TYPE = YES_ERROR;
				GCC_WARN_UNDECLARED_SELECTOR = YES;
				GCC_WARN_UNINITIALIZED_AUTOS = YES_AGGRESSIVE;
				GCC_WARN_UNUSED_FUNCTION = YES;
				GCC_WARN_UNUSED_VARIABLE = YES;
				IPHONEOS_DEPLOYMENT_TARGET = 9.3;
				MTL_ENABLE_DEBUG_INFO = NO;
				SDKROOT = iphoneos;
				TARGETED_DEVICE_FAMILY = "1,2";
				VALIDATE_PRODUCT = YES;
			};
			name = Release;
		};
		041FE1A61D48F0FF008D4129 /* Debug */ = {
			isa = XCBuildConfiguration;
			buildSettings = {
				ASSETCATALOG_COMPILER_APPICON_NAME = AppIcon;
				INFOPLIST_FILE = ZYLinkageTableView/Info.plist;
				LD_RUNPATH_SEARCH_PATHS = "$(inherited) @executable_path/Frameworks";
				PRODUCT_BUNDLE_IDENTIFIER = zhengyang.ZYLinkageTableView;
				PRODUCT_NAME = "$(TARGET_NAME)";
			};
			name = Debug;
		};
		041FE1A71D48F0FF008D4129 /* Release */ = {
			isa = XCBuildConfiguration;
			buildSettings = {
				ASSETCATALOG_COMPILER_APPICON_NAME = AppIcon;
				INFOPLIST_FILE = ZYLinkageTableView/Info.plist;
				LD_RUNPATH_SEARCH_PATHS = "$(inherited) @executable_path/Frameworks";
				PRODUCT_BUNDLE_IDENTIFIER = zhengyang.ZYLinkageTableView;
				PRODUCT_NAME = "$(TARGET_NAME)";
			};
			name = Release;
		};
/* End XCBuildConfiguration section */

/* Begin XCConfigurationList section */
		041FE1891D48F0FE008D4129 /* Build configuration list for PBXProject "ZYLinkageTableView" */ = {
			isa = XCConfigurationList;
			buildConfigurations = (
				041FE1A31D48F0FF008D4129 /* Debug */,
				041FE1A41D48F0FF008D4129 /* Release */,
			);
			defaultConfigurationIsVisible = 0;
			defaultConfigurationName = Release;
		};
		041FE1A51D48F0FF008D4129 /* Build configuration list for PBXNativeTarget "ZYLinkageTableView" */ = {
			isa = XCConfigurationList;
			buildConfigurations = (
				041FE1A61D48F0FF008D4129 /* Debug */,
				041FE1A71D48F0FF008D4129 /* Release */,
			);
			defaultConfigurationIsVisible = 0;
		};
/* End XCConfigurationList section */
	};
	rootObject = 041FE1861D48F0FE008D4129 /* Project object */;
}
